
Microsoft Visual Studio Solution File, Format Version 12.00
# Visual Studio Version 17
VisualStudioVersion = 17.3.32929.385
MinimumVisualStudioVersion = 10.0.40219.1
Project("{FAE04EC0-301F-11D3-BF4B-00C04F79EFBC}") = "PasswordGenerator", "PasswordGenerator\PasswordGenerator.csproj", "{705146EE-DCFB-46FE-9FC5-40F5F5BAB917}"
EndProject
Global
	GlobalSection(SolutionConfigurationPlatforms) = preSolution
		Debug|Any CPU = Debug|Any CPU
		Release|Any CPU = Release|Any CPU
	EndGlobalSection
	GlobalSection(ProjectConfigurationPlatforms) = postSolution
		{705146EE-DCFB-46FE-9FC5-40F5F5BAB917}.Debug|Any CPU.ActiveCfg = Debug|Any CPU
		{705146EE-DCFB-46FE-9FC5-40F5F5BAB917}.Debug|Any CPU.Build.0 = Debug|Any CPU
		{705146EE-DCFB-46FE-9FC5-40F5F5BAB917}.Release|Any CPU.ActiveCfg = Release|Any CPU
		{705146EE-DCFB-46FE-9FC5-40F5F5BAB917}.Release|Any CPU.Build.0 = Release|Any CPU
	EndGlobalSection
	GlobalSection(SolutionProperties) = preSolution
		HideSolutionNode = FALSE
	EndGlobalSection
	GlobalSection(ExtensibilityGlobals) = postSolution
		SolutionGuid = {BD7D377E-3C4F-4FF1-8442-9E343F5EF2BB}
	EndGlobalSection
EndGlobal
